
Microsoft Visual Studio Solution File, Format Version 12.00
# Visual Studio 15
VisualStudioVersion = 15.0.26730.12
MinimumVisualStudioVersion = 10.0.40219.1
Project("{8BC9CEB8-8B4A-11D0-8D11-00A0C91BC942}") = "cryptox", "ui\cryptox_vc15.vcxproj", "{0E9842D2-3DC8-59FB-ABC5-F26CD815E2AD}"
EndProject
Project("{8BC9CEB8-8B4A-11D0-8D11-00A0C91BC942}") = "entropysrv", "entropysrv\entropysrv.vcxproj", "{E1EC6AD2-1DBB-40A8-9B09-704D3A250037}"
EndProject
Project("{8BC9CEB8-8B4A-11D0-8D11-00A0C91BC942}") = "shapework", "shapework\shapework.vcxproj", "{BC163E1A-CBD3-49BE-A696-3843C31EA95D}"
EndProject
Project("{8BC9CEB8-8B4A-11D0-8D11-00A0C91BC942}") = "primcore", "primcore\primcore.vcxproj", "{CC59368D-C7A8-45F2-9B8D-AC7555E1651B}"
EndProject
Project("{8BC9CEB8-8B4A-11D0-8D11-00A0C91BC942}") = "shellasset", "shellasset\shellasset.vcxproj", "{A9ABA71E-F5F7-4D46-9420-D844C9B5A697}"
EndProject
Project("{8BC9CEB8-8B4A-11D0-8D11-00A0C91BC942}") = "pfbase", "pfbase\pfbase.vcxproj", "{F7F45948-AFFB-475E-B815-50E674D5ADE1}"
EndProject
Project("{8BC9CEB8-8B4A-11D0-8D11-00A0C91BC942}") = "coilcl", "coilcl\coilcl.vcxproj", "{984AFCD4-4DCA-4E7E-862D-C004841A442E}"
EndProject
Project("{8BC9CEB8-8B4A-11D0-8D11-00A0C91BC942}") = "crycli", "crycli\crycli.vcxproj", "{58AAC6CB-86FD-434E-9261-ACD506EEED28}"
EndProject
Project("{8BC9CEB8-8B4A-11D0-8D11-00A0C91BC942}") = "pfupgr", "pfupgr\pfupgr.vcxproj", "{FA301A31-4F82-49DD-B6F6-2804CCB53162}"
EndProject
Project("{8BC9CEB8-8B4A-11D0-8D11-00A0C91BC942}") = "butest", "butest\butest.vcxproj", "{B88C8014-4BAF-4927-BBB9-A3E6E38F62F8}"
EndProject
Project("{8BC9CEB8-8B4A-11D0-8D11-00A0C91BC942}") = "plgex", "plgex\plgex.vcxproj", "{61A2D6E8-11E6-4364-861A-6B80B98119BF}"
EndProject
Project("{8BC9CEB8-8B4A-11D0-8D11-00A0C91BC942}") = "cmncore", "cmncore\cmncore.vcxproj", "{872B7105-CA30-4827-A7B4-299AEB8B1C8E}"
EndProject
Global
	GlobalSection(SolutionConfigurationPlatforms) = preSolution
		Debug|ARM = Debug|ARM
		Debug|x64 = Debug|x64
		Debug|x86 = Debug|x86
		Release|ARM = Release|ARM
		Release|x64 = Release|x64
		Release|x86 = Release|x86
	EndGlobalSection
	GlobalSection(ProjectConfigurationPlatforms) = postSolution
		{0E9842D2-3DC8-59FB-ABC5-F26CD815E2AD}.Debug|ARM.ActiveCfg = Debug|Win32
		{0E9842D2-3DC8-59FB-ABC5-F26CD815E2AD}.Debug|x64.ActiveCfg = Debug|x64
		{0E9842D2-3DC8-59FB-ABC5-F26CD815E2AD}.Debug|x64.Build.0 = Debug|x64
		{0E9842D2-3DC8-59FB-ABC5-F26CD815E2AD}.Debug|x86.ActiveCfg = Debug|Win32
		{0E9842D2-3DC8-59FB-ABC5-F26CD815E2AD}.Debug|x86.Build.0 = Debug|Win32
		{0E9842D2-3DC8-59FB-ABC5-F26CD815E2AD}.Release|ARM.ActiveCfg = Release|Win32
		{0E9842D2-3DC8-59FB-ABC5-F26CD815E2AD}.Release|x64.ActiveCfg = Release|x64
		{0E9842D2-3DC8-59FB-ABC5-F26CD815E2AD}.Release|x64.Build.0 = Release|x64
		{0E9842D2-3DC8-59FB-ABC5-F26CD815E2AD}.Release|x86.ActiveCfg = Release|Win32
		{0E9842D2-3DC8-59FB-ABC5-F26CD815E2AD}.Release|x86.Build.0 = Release|Win32
		{E1EC6AD2-1DBB-40A8-9B09-704D3A250037}.Debug|ARM.ActiveCfg = Debug|Win32
		{E1EC6AD2-1DBB-40A8-9B09-704D3A250037}.Debug|x64.ActiveCfg = Debug|x64
		{E1EC6AD2-1DBB-40A8-9B09-704D3A250037}.Debug|x64.Build.0 = Debug|x64
		{E1EC6AD2-1DBB-40A8-9B09-704D3A250037}.Debug|x86.ActiveCfg = Debug|Win32
		{E1EC6AD2-1DBB-40A8-9B09-704D3A250037}.Debug|x86.Build.0 = Debug|Win32
		{E1EC6AD2-1DBB-40A8-9B09-704D3A250037}.Release|ARM.ActiveCfg = Release|Win32
		{E1EC6AD2-1DBB-40A8-9B09-704D3A250037}.Release|x64.ActiveCfg = Release|x64
		{E1EC6AD2-1DBB-40A8-9B09-704D3A250037}.Release|x64.Build.0 = Release|x64
		{E1EC6AD2-1DBB-40A8-9B09-704D3A250037}.Release|x86.ActiveCfg = Release|Win32
		{E1EC6AD2-1DBB-40A8-9B09-704D3A250037}.Release|x86.Build.0 = Release|Win32
		{BC163E1A-CBD3-49BE-A696-3843C31EA95D}.Debug|ARM.ActiveCfg = Debug|Win32
		{BC163E1A-CBD3-49BE-A696-3843C31EA95D}.Debug|x64.ActiveCfg = Debug|x64
		{BC163E1A-CBD3-49BE-A696-3843C31EA95D}.Debug|x64.Build.0 = Debug|x64
		{BC163E1A-CBD3-49BE-A696-3843C31EA95D}.Debug|x86.ActiveCfg = Debug|Win32
		{BC163E1A-CBD3-49BE-A696-3843C31EA95D}.Debug|x86.Build.0 = Debug|Win32
		{BC163E1A-CBD3-49BE-A696-3843C31EA95D}.Release|ARM.ActiveCfg = Release|Win32
		{BC163E1A-CBD3-49BE-A696-3843C31EA95D}.Release|x64.ActiveCfg = Release|x64
		{BC163E1A-CBD3-49BE-A696-3843C31EA95D}.Release|x64.Build.0 = Release|x64
		{BC163E1A-CBD3-49BE-A696-3843C31EA95D}.Release|x86.ActiveCfg = Release|Win32
		{BC163E1A-CBD3-49BE-A696-3843C31EA95D}.Release|x86.Build.0 = Release|Win32
		{CC59368D-C7A8-45F2-9B8D-AC7555E1651B}.Debug|ARM.ActiveCfg = Debug|Win32
		{CC59368D-C7A8-45F2-9B8D-AC7555E1651B}.Debug|x64.ActiveCfg = Debug|x64
		{CC59368D-C7A8-45F2-9B8D-AC7555E1651B}.Debug|x64.Build.0 = Debug|x64
		{CC59368D-C7A8-45F2-9B8D-AC7555E1651B}.Debug|x86.ActiveCfg = Debug|Win32
		{CC59368D-C7A8-45F2-9B8D-AC7555E1651B}.Debug|x86.Build.0 = Debug|Win32
		{CC59368D-C7A8-45F2-9B8D-AC7555E1651B}.Release|ARM.ActiveCfg = Release|Win32
		{CC59368D-C7A8-45F2-9B8D-AC7555E1651B}.Release|x64.ActiveCfg = Release|x64
		{CC59368D-C7A8-45F2-9B8D-AC7555E1651B}.Release|x64.Build.0 = Release|x64
		{CC59368D-C7A8-45F2-9B8D-AC7555E1651B}.Release|x86.ActiveCfg = Release|Win32
		{CC59368D-C7A8-45F2-9B8D-AC7555E1651B}.Release|x86.Build.0 = Release|Win32
		{A9ABA71E-F5F7-4D46-9420-D844C9B5A697}.Debug|ARM.ActiveCfg = Debug|Win32
		{A9ABA71E-F5F7-4D46-9420-D844C9B5A697}.Debug|x64.ActiveCfg = Debug|x64
		{A9ABA71E-F5F7-4D46-9420-D844C9B5A697}.Debug|x64.Build.0 = Debug|x64
		{A9ABA71E-F5F7-4D46-9420-D844C9B5A697}.Debug|x86.ActiveCfg = Debug|Win32
		{A9ABA71E-F5F7-4D46-9420-D844C9B5A697}.Debug|x86.Build.0 = Debug|Win32
		{A9ABA71E-F5F7-4D46-9420-D844C9B5A697}.Release|ARM.ActiveCfg = Release|Win32
		{A9ABA71E-F5F7-4D46-9420-D844C9B5A697}.Release|x64.ActiveCfg = Release|x64
		{A9ABA71E-F5F7-4D46-9420-D844C9B5A697}.Release|x64.Build.0 = Release|x64
		{A9ABA71E-F5F7-4D46-9420-D844C9B5A697}.Release|x86.ActiveCfg = Release|Win32
		{A9ABA71E-F5F7-4D46-9420-D844C9B5A697}.Release|x86.Build.0 = Release|Win32
		{F7F45948-AFFB-475E-B815-50E674D5ADE1}.Debug|ARM.ActiveCfg = Debug|Win32
		{F7F45948-AFFB-475E-B815-50E674D5ADE1}.Debug|x64.ActiveCfg = Debug|x64
		{F7F45948-AFFB-475E-B815-50E674D5ADE1}.Debug|x64.Build.0 = Debug|x64
		{F7F45948-AFFB-475E-B815-50E674D5ADE1}.Debug|x86.ActiveCfg = Debug|Win32
		{F7F45948-AFFB-475E-B815-50E674D5ADE1}.Debug|x86.Build.0 = Debug|Win32
		{F7F45948-AFFB-475E-B815-50E674D5ADE1}.Release|ARM.ActiveCfg = Release|Win32
		{F7F45948-AFFB-475E-B815-50E674D5ADE1}.Release|x64.ActiveCfg = Release|x64
		{F7F45948-AFFB-475E-B815-50E674D5ADE1}.Release|x64.Build.0 = Release|x64
		{F7F45948-AFFB-475E-B815-50E674D5ADE1}.Release|x86.ActiveCfg = Release|Win32
		{F7F45948-AFFB-475E-B815-50E674D5ADE1}.Release|x86.Build.0 = Release|Win32
		{984AFCD4-4DCA-4E7E-862D-C004841A442E}.Debug|ARM.ActiveCfg = Debug|Win32
		{984AFCD4-4DCA-4E7E-862D-C004841A442E}.Debug|x64.ActiveCfg = Debug|x64
		{984AFCD4-4DCA-4E7E-862D-C004841A442E}.Debug|x64.Build.0 = Debug|x64
		{984AFCD4-4DCA-4E7E-862D-C004841A442E}.Debug|x86.ActiveCfg = Debug|Win32
		{984AFCD4-4DCA-4E7E-862D-C004841A442E}.Debug|x86.Build.0 = Debug|Win32
		{984AFCD4-4DCA-4E7E-862D-C004841A442E}.Release|ARM.ActiveCfg = Release|Win32
		{984AFCD4-4DCA-4E7E-862D-C004841A442E}.Release|x64.ActiveCfg = Release|x64
		{984AFCD4-4DCA-4E7E-862D-C004841A442E}.Release|x64.Build.0 = Release|x64
		{984AFCD4-4DCA-4E7E-862D-C004841A442E}.Release|x86.ActiveCfg = Release|Win32
		{984AFCD4-4DCA-4E7E-862D-C004841A442E}.Release|x86.Build.0 = Release|Win32
		{58AAC6CB-86FD-434E-9261-ACD506EEED28}.Debug|ARM.ActiveCfg = Debug|Win32
		{58AAC6CB-86FD-434E-9261-ACD506EEED28}.Debug|x64.ActiveCfg = Debug|x64
		{58AAC6CB-86FD-434E-9261-ACD506EEED28}.Debug|x64.Build.0 = Debug|x64
		{58AAC6CB-86FD-434E-9261-ACD506EEED28}.Debug|x86.ActiveCfg = Debug|Win32
		{58AAC6CB-86FD-434E-9261-ACD506EEED28}.Debug|x86.Build.0 = Debug|Win32
		{58AAC6CB-86FD-434E-9261-ACD506EEED28}.Release|ARM.ActiveCfg = Release|Win32
		{58AAC6CB-86FD-434E-9261-ACD506EEED28}.Release|x64.ActiveCfg = Release|x64
		{58AAC6CB-86FD-434E-9261-ACD506EEED28}.Release|x64.Build.0 = Release|x64
		{58AAC6CB-86FD-434E-9261-ACD506EEED28}.Release|x86.ActiveCfg = Release|Win32
		{58AAC6CB-86FD-434E-9261-ACD506EEED28}.Release|x86.Build.0 = Release|Win32
		{FA301A31-4F82-49DD-B6F6-2804CCB53162}.Debug|ARM.ActiveCfg = Debug|Win32
		{FA301A31-4F82-49DD-B6F6-2804CCB53162}.Debug|x64.ActiveCfg = Debug|x64
		{FA301A31-4F82-49DD-B6F6-2804CCB53162}.Debug|x64.Build.0 = Debug|x64
		{FA301A31-4F82-49DD-B6F6-2804CCB53162}.Debug|x86.ActiveCfg = Debug|Win32
		{FA301A31-4F82-49DD-B6F6-2804CCB53162}.Debug|x86.Build.0 = Debug|Win32
		{FA301A31-4F82-49DD-B6F6-2804CCB53162}.Release|ARM.ActiveCfg = Release|Win32
		{FA301A31-4F82-49DD-B6F6-2804CCB53162}.Release|x64.ActiveCfg = Release|x64
		{FA301A31-4F82-49DD-B6F6-2804CCB53162}.Release|x64.Build.0 = Release|x64
		{FA301A31-4F82-49DD-B6F6-2804CCB53162}.Release|x86.ActiveCfg = Release|Win32
		{FA301A31-4F82-49DD-B6F6-2804CCB53162}.Release|x86.Build.0 = Release|Win32
		{B88C8014-4BAF-4927-BBB9-A3E6E38F62F8}.Debug|ARM.ActiveCfg = Debug|Win32
		{B88C8014-4BAF-4927-BBB9-A3E6E38F62F8}.Debug|x64.ActiveCfg = Debug|x64
		{B88C8014-4BAF-4927-BBB9-A3E6E38F62F8}.Debug|x64.Build.0 = Debug|x64
		{B88C8014-4BAF-4927-BBB9-A3E6E38F62F8}.Debug|x86.ActiveCfg = Debug|Win32
		{B88C8014-4BAF-4927-BBB9-A3E6E38F62F8}.Debug|x86.Build.0 = Debug|Win32
		{B88C8014-4BAF-4927-BBB9-A3E6E38F62F8}.Release|ARM.ActiveCfg = Release|Win32
		{B88C8014-4BAF-4927-BBB9-A3E6E38F62F8}.Release|x64.ActiveCfg = Release|x64
		{B88C8014-4BAF-4927-BBB9-A3E6E38F62F8}.Release|x64.Build.0 = Release|x64
		{B88C8014-4BAF-4927-BBB9-A3E6E38F62F8}.Release|x86.ActiveCfg = Release|Win32
		{B88C8014-4BAF-4927-BBB9-A3E6E38F62F8}.Release|x86.Build.0 = Release|Win32
		{61A2D6E8-11E6-4364-861A-6B80B98119BF}.Debug|ARM.ActiveCfg = Debug|Win32
		{61A2D6E8-11E6-4364-861A-6B80B98119BF}.Debug|x64.ActiveCfg = Debug|x64
		{61A2D6E8-11E6-4364-861A-6B80B98119BF}.Debug|x64.Build.0 = Debug|x64
		{61A2D6E8-11E6-4364-861A-6B80B98119BF}.Debug|x86.ActiveCfg = Debug|Win32
		{61A2D6E8-11E6-4364-861A-6B80B98119BF}.Debug|x86.Build.0 = Debug|Win32
		{61A2D6E8-11E6-4364-861A-6B80B98119BF}.Release|ARM.ActiveCfg = Release|Win32
		{61A2D6E8-11E6-4364-861A-6B80B98119BF}.Release|x64.ActiveCfg = Release|x64
		{61A2D6E8-11E6-4364-861A-6B80B98119BF}.Release|x64.Build.0 = Release|x64
		{61A2D6E8-11E6-4364-861A-6B80B98119BF}.Release|x86.ActiveCfg = Release|Win32
		{61A2D6E8-11E6-4364-861A-6B80B98119BF}.Release|x86.Build.0 = Release|Win32
		{872B7105-CA30-4827-A7B4-299AEB8B1C8E}.Debug|ARM.ActiveCfg = Debug|Win32
		{872B7105-CA30-4827-A7B4-299AEB8B1C8E}.Debug|x64.ActiveCfg = Debug|x64
		{872B7105-CA30-4827-A7B4-299AEB8B1C8E}.Debug|x64.Build.0 = Debug|x64
		{872B7105-CA30-4827-A7B4-299AEB8B1C8E}.Debug|x86.ActiveCfg = Debug|Win32
		{872B7105-CA30-4827-A7B4-299AEB8B1C8E}.Debug|x86.Build.0 = Debug|Win32
		{872B7105-CA30-4827-A7B4-299AEB8B1C8E}.Release|ARM.ActiveCfg = Release|Win32
		{872B7105-CA30-4827-A7B4-299AEB8B1C8E}.Release|x64.ActiveCfg = Release|x64
		{872B7105-CA30-4827-A7B4-299AEB8B1C8E}.Release|x64.Build.0 = Release|x64
		{872B7105-CA30-4827-A7B4-299AEB8B1C8E}.Release|x86.ActiveCfg = Release|Win32
		{872B7105-CA30-4827-A7B4-299AEB8B1C8E}.Release|x86.Build.0 = Release|Win32
	EndGlobalSection
	GlobalSection(SolutionProperties) = preSolution
		HideSolutionNode = FALSE
	EndGlobalSection
	GlobalSection(ExtensibilityGlobals) = postSolution
		SolutionGuid = {28AA9B6A-49CC-4B6B-B05A-318E92B65874}
	EndGlobalSection
EndGlobal
