<?xml version="1.0" encoding="utf-8"?>
<Project ToolsVersion="4.0" xmlns="http://schemas.microsoft.com/developer/msbuild/2003">
  <ItemGroup>
    <Filter Include="Source Files">
      <UniqueIdentifier>{4FC737F1-C7A5-4376-A066-2A32D752A2FF}</UniqueIdentifier>
      <Extensions>cpp;c;cc;cxx;def;odl;idl;hpj;bat;asm;asmx</Extensions>
    </Filter>
    <Filter Include="Header Files">
      <UniqueIdentifier>{93995380-89BD-4b04-88EB-625FBE52EBFB}</UniqueIdentifier>
      <Extensions>h;hh;hpp;hxx;hm;inl;inc;xsd</Extensions>
    </Filter>
    <Filter Include="Resource Files">
      <UniqueIdentifier>{67DA6AB6-F800-4c08-8B7A-83BB121AAD01}</UniqueIdentifier>
      <Extensions>rc;ico;cur;bmp;dlg;rc2;rct;bin;rgs;gif;jpg;jpeg;jpe;resx;tiff;tif;png;wav;mfcribbon-ms</Extensions>
    </Filter>
    <Filter Include="Include">
      <UniqueIdentifier>{b61178a0-871b-4b03-82a3-aa3a5ba3930c}</UniqueIdentifier>
    </Filter>
    <Filter Include="Include\wx">
      <UniqueIdentifier>{a25547d0-9e77-46c7-893c-9f7ecaf92675}</UniqueIdentifier>
    </Filter>
    <Filter Include="Include\wx\wxsf">
      <UniqueIdentifier>{ece447e2-a52a-482f-9c4d-72786829de00}</UniqueIdentifier>
    </Filter>
    <Filter Include="Include\wx\wxxmlserializer">
      <UniqueIdentifier>{27d6c4f6-0b96-43e1-8f50-13312dba5b1d}</UniqueIdentifier>
    </Filter>
    <Filter Include="Source Files\wxxmlserializer">
      <UniqueIdentifier>{50b40fa6-2ca6-4ed8-bcad-99f57e833867}</UniqueIdentifier>
    </Filter>
  </ItemGroup>
  <ItemGroup>
    <ClCompile Include="src\ArrowBase.cpp">
      <Filter>Source Files</Filter>
    </ClCompile>
    <ClCompile Include="src\AutoLayout.cpp">
      <Filter>Source Files</Filter>
    </ClCompile>
    <ClCompile Include="src\BitmapShape.cpp">
      <Filter>Source Files</Filter>
    </ClCompile>
    <ClCompile Include="src\BitmapShapeXml.cpp">
      <Filter>Source Files</Filter>
    </ClCompile>
    <ClCompile Include="src\CanvasHistory.cpp">
      <Filter>Source Files</Filter>
    </ClCompile>
    <ClCompile Include="src\CanvasState.cpp">
      <Filter>Source Files</Filter>
    </ClCompile>
    <ClCompile Include="src\CircleArrow.cpp">
      <Filter>Source Files</Filter>
    </ClCompile>
    <ClCompile Include="src\CircleShape.cpp">
      <Filter>Source Files</Filter>
    </ClCompile>
    <ClCompile Include="src\CommonFcn.cpp">
      <Filter>Source Files</Filter>
    </ClCompile>
    <ClCompile Include="src\ControlShape.cpp">
      <Filter>Source Files</Filter>
    </ClCompile>
    <ClCompile Include="src\CurveShape.cpp">
      <Filter>Source Files</Filter>
    </ClCompile>
    <ClCompile Include="src\DiagramManager.cpp">
      <Filter>Source Files</Filter>
    </ClCompile>
    <ClCompile Include="src\DiamondArrow.cpp">
      <Filter>Source Files</Filter>
    </ClCompile>
    <ClCompile Include="src\DiamondShape.cpp">
      <Filter>Source Files</Filter>
    </ClCompile>
    <ClCompile Include="src\EditTextShape.cpp">
      <Filter>Source Files</Filter>
    </ClCompile>
    <ClCompile Include="src\EllipseShape.cpp">
      <Filter>Source Files</Filter>
    </ClCompile>
    <ClCompile Include="src\FixedRectShape.cpp">
      <Filter>Source Files</Filter>
    </ClCompile>
    <ClCompile Include="src\FlexGridShape.cpp">
      <Filter>Source Files</Filter>
    </ClCompile>
    <ClCompile Include="src\GridShape.cpp">
      <Filter>Source Files</Filter>
    </ClCompile>
    <ClCompile Include="src\LineShape.cpp">
      <Filter>Source Files</Filter>
    </ClCompile>
    <ClCompile Include="src\MultiSelRect.cpp">
      <Filter>Source Files</Filter>
    </ClCompile>
    <ClCompile Include="src\OpenArrow.cpp">
      <Filter>Source Files</Filter>
    </ClCompile>
    <ClCompile Include="src\OrthoShape.cpp">
      <Filter>Source Files</Filter>
    </ClCompile>
    <ClCompile Include="src\PolygonShape.cpp">
      <Filter>Source Files</Filter>
    </ClCompile>
    <ClCompile Include="src\PolygonShapeXml.cpp">
      <Filter>Source Files</Filter>
    </ClCompile>
    <ClCompile Include="src\Printout.cpp">
      <Filter>Source Files</Filter>
    </ClCompile>
    <ClCompile Include="src\RectShape.cpp">
      <Filter>Source Files</Filter>
    </ClCompile>
    <ClCompile Include="src\RoundOrthoShape.cpp">
      <Filter>Source Files</Filter>
    </ClCompile>
    <ClCompile Include="src\RoundRectShape.cpp">
      <Filter>Source Files</Filter>
    </ClCompile>
    <ClCompile Include="src\ScaledDC.cpp">
      <Filter>Source Files</Filter>
    </ClCompile>
    <ClCompile Include="src\SFEvents.cpp">
      <Filter>Source Files</Filter>
    </ClCompile>
    <ClCompile Include="src\ShapeBase.cpp">
      <Filter>Source Files</Filter>
    </ClCompile>
    <ClCompile Include="src\ShapeBaseXml.cpp">
      <Filter>Source Files</Filter>
    </ClCompile>
    <ClCompile Include="src\ShapeCanvas.cpp">
      <Filter>Source Files</Filter>
    </ClCompile>
    <ClCompile Include="src\ShapeDataObject.cpp">
      <Filter>Source Files</Filter>
    </ClCompile>
    <ClCompile Include="src\ShapeDockpoint.cpp">
      <Filter>Source Files</Filter>
    </ClCompile>
    <ClCompile Include="src\ShapeHandle.cpp">
      <Filter>Source Files</Filter>
    </ClCompile>
    <ClCompile Include="src\SolidArrow.cpp">
      <Filter>Source Files</Filter>
    </ClCompile>
    <ClCompile Include="src\TextShape.cpp">
      <Filter>Source Files</Filter>
    </ClCompile>
    <ClCompile Include="src\TextShapeXml.cpp">
      <Filter>Source Files</Filter>
    </ClCompile>
    <ClCompile Include="src\Thumbnail.cpp">
      <Filter>Source Files</Filter>
    </ClCompile>
    <ClCompile Include="src\wx_pch.cpp">
      <Filter>Source Files</Filter>
    </ClCompile>
    <ClCompile Include="src\wxxmlserializer\PropertyIO.cpp">
      <Filter>Source Files\wxxmlserializer</Filter>
    </ClCompile>
    <ClCompile Include="src\wxxmlserializer\XmlSerializer.cpp">
      <Filter>Source Files\wxxmlserializer</Filter>
    </ClCompile>
  </ItemGroup>
  <ItemGroup>
    <ClInclude Include="src\wx_pch.h">
      <Filter>Header Files</Filter>
    </ClInclude>
    <ClInclude Include="include\wx\wxsf\ArrowBase.h">
      <Filter>Include\wx\wxsf</Filter>
    </ClInclude>
    <ClInclude Include="include\wx\wxsf\AutoLayout.h">
      <Filter>Include\wx\wxsf</Filter>
    </ClInclude>
    <ClInclude Include="include\wx\wxsf\BitmapShape.h">
      <Filter>Include\wx\wxsf</Filter>
    </ClInclude>
    <ClInclude Include="include\wx\wxsf\CanvasHistory.h">
      <Filter>Include\wx\wxsf</Filter>
    </ClInclude>
    <ClInclude Include="include\wx\wxsf\CanvasState.h">
      <Filter>Include\wx\wxsf</Filter>
    </ClInclude>
    <ClInclude Include="include\wx\wxsf\CircleArrow.h">
      <Filter>Include\wx\wxsf</Filter>
    </ClInclude>
    <ClInclude Include="include\wx\wxsf\CircleShape.h">
      <Filter>Include\wx\wxsf</Filter>
    </ClInclude>
    <ClInclude Include="include\wx\wxsf\CommonFcn.h">
      <Filter>Include\wx\wxsf</Filter>
    </ClInclude>
    <ClInclude Include="include\wx\wxsf\ControlShape.h">
      <Filter>Include\wx\wxsf</Filter>
    </ClInclude>
    <ClInclude Include="include\wx\wxsf\CurveShape.h">
      <Filter>Include\wx\wxsf</Filter>
    </ClInclude>
    <ClInclude Include="include\wx\wxsf\Defs.h">
      <Filter>Include\wx\wxsf</Filter>
    </ClInclude>
    <ClInclude Include="include\wx\wxsf\DiagramManager.h">
      <Filter>Include\wx\wxsf</Filter>
    </ClInclude>
    <ClInclude Include="include\wx\wxsf\DiamondArrow.h">
      <Filter>Include\wx\wxsf</Filter>
    </ClInclude>
    <ClInclude Include="include\wx\wxsf\DiamondShape.h">
      <Filter>Include\wx\wxsf</Filter>
    </ClInclude>
    <ClInclude Include="include\wx\wxsf\EditTextShape.h">
      <Filter>Include\wx\wxsf</Filter>
    </ClInclude>
    <ClInclude Include="include\wx\wxsf\EllipseShape.h">
      <Filter>Include\wx\wxsf</Filter>
    </ClInclude>
    <ClInclude Include="include\wx\wxsf\FixedRectShape.h">
      <Filter>Include\wx\wxsf</Filter>
    </ClInclude>
    <ClInclude Include="include\wx\wxsf\FlexGridShape.h">
      <Filter>Include\wx\wxsf</Filter>
    </ClInclude>
    <ClInclude Include="include\wx\wxsf\GridShape.h">
      <Filter>Include\wx\wxsf</Filter>
    </ClInclude>
    <ClInclude Include="include\wx\wxsf\LineShape.h">
      <Filter>Include\wx\wxsf</Filter>
    </ClInclude>
    <ClInclude Include="include\wx\wxsf\MultiSelRect.h">
      <Filter>Include\wx\wxsf</Filter>
    </ClInclude>
    <ClInclude Include="include\wx\wxsf\OpenArrow.h">
      <Filter>Include\wx\wxsf</Filter>
    </ClInclude>
    <ClInclude Include="include\wx\wxsf\OrthoShape.h">
      <Filter>Include\wx\wxsf</Filter>
    </ClInclude>
    <ClInclude Include="include\wx\wxsf\PolygonShape.h">
      <Filter>Include\wx\wxsf</Filter>
    </ClInclude>
    <ClInclude Include="include\wx\wxsf\Printout.h">
      <Filter>Include\wx\wxsf</Filter>
    </ClInclude>
    <ClInclude Include="include\wx\wxsf\RectShape.h">
      <Filter>Include\wx\wxsf</Filter>
    </ClInclude>
    <ClInclude Include="include\wx\wxsf\RoundOrthoShape.h">
      <Filter>Include\wx\wxsf</Filter>
    </ClInclude>
    <ClInclude Include="include\wx\wxsf\RoundRectShape.h">
      <Filter>Include\wx\wxsf</Filter>
    </ClInclude>
    <ClInclude Include="include\wx\wxsf\ScaledDC.h">
      <Filter>Include\wx\wxsf</Filter>
    </ClInclude>
    <ClInclude Include="include\wx\wxsf\SFEvents.h">
      <Filter>Include\wx\wxsf</Filter>
    </ClInclude>
    <ClInclude Include="include\wx\wxsf\ShapeBase.h">
      <Filter>Include\wx\wxsf</Filter>
    </ClInclude>
    <ClInclude Include="include\wx\wxsf\ShapeCanvas.h">
      <Filter>Include\wx\wxsf</Filter>
    </ClInclude>
    <ClInclude Include="include\wx\wxsf\ShapeDataObject.h">
      <Filter>Include\wx\wxsf</Filter>
    </ClInclude>
    <ClInclude Include="include\wx\wxsf\ShapeDockpoint.h">
      <Filter>Include\wx\wxsf</Filter>
    </ClInclude>
    <ClInclude Include="include\wx\wxsf\ShapeHandle.h">
      <Filter>Include\wx\wxsf</Filter>
    </ClInclude>
    <ClInclude Include="include\wx\wxsf\SolidArrow.h">
      <Filter>Include\wx\wxsf</Filter>
    </ClInclude>
    <ClInclude Include="include\wx\wxsf\TextShape.h">
      <Filter>Include\wx\wxsf</Filter>
    </ClInclude>
    <ClInclude Include="include\wx\wxsf\Thumbnail.h">
      <Filter>Include\wx\wxsf</Filter>
    </ClInclude>
    <ClInclude Include="include\wx\wxsf\wxShapeFramework.h">
      <Filter>Include\wx\wxsf</Filter>
    </ClInclude>
    <ClInclude Include="include\wx\wxxmlserializer\Defs.h">
      <Filter>Include\wx\wxxmlserializer</Filter>
    </ClInclude>
    <ClInclude Include="include\wx\wxxmlserializer\PropertyIO.h">
      <Filter>Include\wx\wxxmlserializer</Filter>
    </ClInclude>
    <ClInclude Include="include\wx\wxxmlserializer\XmlSerializer.h">
      <Filter>Include\wx\wxxmlserializer</Filter>
    </ClInclude>
  </ItemGroup>
  <ItemGroup>
    <ResourceCompile Include="src\wxSF.rc">
      <Filter>Resource Files</Filter>
    </ResourceCompile>
  </ItemGroup>
</Project>